// !$*UTF8*$!
{
	archiveVersion = 1;
	classes = {
	};
	objectVersion = 46;
	objects = {

/* Begin PBXBuildFile section */
		22217E1B1ADB8539001A4348 /* UIView+Glow.m in Sources */ = {isa = PBXBuildFile; fileRef = 22217E1A1ADB8539001A4348 /* UIView+Glow.m */; };
		2228A2011AD4AFE1002CED57 /* SackersGothicLightAT.otf in Resources */ = {isa = PBXBuildFile; fileRef = 2228A2001AD4AE83002CED57 /* SackersGothicLightAT.otf */; };
		2228A2061AD5752F002CED57 /* MBProgressHUD.m in Sources */ = {isa = PBXBuildFile; fileRef = 2228A2051AD5752F002CED57 /* MBProgressHUD.m */; };
		2228A20A1AD72E43002CED57 /* UberLoginViewController.m in Sources */ = {isa = PBXBuildFile; fileRef = 2228A2091AD72E43002CED57 /* UberLoginViewController.m */; };
		2228A2171AD73B88002CED57 /* NSObject+SBJSON.m in Sources */ = {isa = PBXBuildFile; fileRef = 2228A20E1AD73B88002CED57 /* NSObject+SBJSON.m */; };
		2228A2181AD73B88002CED57 /* NSString+SBJSON.m in Sources */ = {isa = PBXBuildFile; fileRef = 2228A2101AD73B88002CED57 /* NSString+SBJSON.m */; };
		2228A2191AD73B88002CED57 /* SBJsonBase.m in Sources */ = {isa = PBXBuildFile; fileRef = 2228A2121AD73B88002CED57 /* SBJsonBase.m */; };
		2228A21A1AD73B88002CED57 /* SBJsonParser.m in Sources */ = {isa = PBXBuildFile; fileRef = 2228A2141AD73B88002CED57 /* SBJsonParser.m */; };
		2228A21B1AD73B88002CED57 /* SBJsonWriter.m in Sources */ = {isa = PBXBuildFile; fileRef = 2228A2161AD73B88002CED57 /* SBJsonWriter.m */; };
		223A18B71ABCC99F00D983D4 /* main.m in Sources */ = {isa = PBXBuildFile; fileRef = 223A18B61ABCC99F00D983D4 /* main.m */; };
		223A18BA1ABCC99F00D983D4 /* AppDelegate.m in Sources */ = {isa = PBXBuildFile; fileRef = 223A18B91ABCC99F00D983D4 /* AppDelegate.m */; };
		223A18BD1ABCC99F00D983D4 /* ViewController.m in Sources */ = {isa = PBXBuildFile; fileRef = 223A18BC1ABCC99F00D983D4 /* ViewController.m */; };
		223A18C01ABCC99F00D983D4 /* Main.storyboard in Resources */ = {isa = PBXBuildFile; fileRef = 223A18BE1ABCC99F00D983D4 /* Main.storyboard */; };
		223A18C21ABCC99F00D983D4 /* Images.xcassets in Resources */ = {isa = PBXBuildFile; fileRef = 223A18C11ABCC99F00D983D4 /* Images.xcassets */; };
		223A18C51ABCC99F00D983D4 /* LaunchScreen.xib in Resources */ = {isa = PBXBuildFile; fileRef = 223A18C31ABCC99F00D983D4 /* LaunchScreen.xib */; };
		223A18D11ABCC99F00D983D4 /* HermesTests.m in Sources */ = {isa = PBXBuildFile; fileRef = 223A18D01ABCC99F00D983D4 /* HermesTests.m */; };
		2290B0501ABE470C008317C3 /* profileViewController.m in Sources */ = {isa = PBXBuildFile; fileRef = 2290B04F1ABE470C008317C3 /* profileViewController.m */; };
		2290B0851ABF675A008317C3 /* UIGridView.m in Sources */ = {isa = PBXBuildFile; fileRef = 2290B07F1ABF675A008317C3 /* UIGridView.m */; };
		2290B0861ABF675A008317C3 /* UIGridViewCell.m in Sources */ = {isa = PBXBuildFile; fileRef = 2290B0811ABF675A008317C3 /* UIGridViewCell.m */; };
		2290B0871ABF675A008317C3 /* UIGridViewRow.m in Sources */ = {isa = PBXBuildFile; fileRef = 2290B0841ABF675A008317C3 /* UIGridViewRow.m */; };
		2290B09E1ABF9714008317C3 /* CollectionViewCell.m in Sources */ = {isa = PBXBuildFile; fileRef = 2290B09D1ABF9714008317C3 /* CollectionViewCell.m */; };
		2290B0A41AC45649008317C3 /* searchViewController.m in Sources */ = {isa = PBXBuildFile; fileRef = 2290B0A31AC45649008317C3 /* searchViewController.m */; };
		2290B0A71AC45F16008317C3 /* friendCell.m in Sources */ = {isa = PBXBuildFile; fileRef = 2290B0A61AC45F16008317C3 /* friendCell.m */; };
		2290B0AD1AC4CD38008317C3 /* NSQueue.m in Sources */ = {isa = PBXBuildFile; fileRef = 2290B0AC1AC4CD38008317C3 /* NSQueue.m */; };
		229F59D71AC85EE600D557D2 /* friendCollectionView.m in Sources */ = {isa = PBXBuildFile; fileRef = 229F59D61AC85EE600D557D2 /* friendCollectionView.m */; };
		229F59DB1AC8D13A00D557D2 /* NSStack.m in Sources */ = {isa = PBXBuildFile; fileRef = 229F59DA1AC8D13A00D557D2 /* NSStack.m */; };
		229F5A231ACB66C200D557D2 /* userPostView.m in Sources */ = {isa = PBXBuildFile; fileRef = 229F5A221ACB66C200D557D2 /* userPostView.m */; };
		229F5A261ACB70F400D557D2 /* userInteractionView.m in Sources */ = {isa = PBXBuildFile; fileRef = 229F5A251ACB70F400D557D2 /* userInteractionView.m */; };
		22BCD8031ACB982600864FA2 /* mediaButton.m in Sources */ = {isa = PBXBuildFile; fileRef = 22BCD8021ACB982600864FA2 /* mediaButton.m */; };
		22BCD8061ACC69A200864FA2 /* annotationsLinkedList.m in Sources */ = {isa = PBXBuildFile; fileRef = 22BCD8051ACC69A200864FA2 /* annotationsLinkedList.m */; };
		22BCD8091ACDFAE700864FA2 /* projectColor.m in Sources */ = {isa = PBXBuildFile; fileRef = 22BCD8081ACDFAE700864FA2 /* projectColor.m */; };
		22BCD80C1ACE2DC600864FA2 /* registrationView.m in Sources */ = {isa = PBXBuildFile; fileRef = 22BCD80B1ACE2DC600864FA2 /* registrationView.m */; };
		22BD24531ABDC7C500049159 /* AVCamViewController.m in Sources */ = {isa = PBXBuildFile; fileRef = 22BD24501ABDC7C500049159 /* AVCamViewController.m */; };
		22BD24541ABDC7C500049159 /* AVCamPreviewView.m in Sources */ = {isa = PBXBuildFile; fileRef = 22BD24521ABDC7C500049159 /* AVCamPreviewView.m */; };
		22BD24561ABE069600049159 /* MapKit.framework in Frameworks */ = {isa = PBXBuildFile; fileRef = 22BD24551ABE069600049159 /* MapKit.framework */; };
		22F427D81ADC0AAD00E25361 /* UIImage+StackBlur.m in Sources */ = {isa = PBXBuildFile; fileRef = 22F427D71ADC0AAD00E25361 /* UIImage+StackBlur.m */; };
		9F1E3D8252728C33959DE1C5 /* libPods.a in Frameworks */ = {isa = PBXBuildFile; fileRef = 93053BC435A6913E07F4CE87 /* libPods.a */; };
/* End PBXBuildFile section */

/* Begin PBXContainerItemProxy section */
		223A18CB1ABCC99F00D983D4 /* PBXContainerItemProxy */ = {
			isa = PBXContainerItemProxy;
			containerPortal = 223A18A91ABCC99F00D983D4 /* Project object */;
			proxyType = 1;
			remoteGlobalIDString = 223A18B01ABCC99F00D983D4;
			remoteInfo = Hermes;
		};
/* End PBXContainerItemProxy section */

/* Begin PBXFileReference section */
		22217E191ADB8539001A4348 /* UIView+Glow.h */ = {isa = PBXFileReference; fileEncoding = 4; lastKnownFileType = sourcecode.c.h; path = "UIView+Glow.h"; sourceTree = "<group>"; };
		22217E1A1ADB8539001A4348 /* UIView+Glow.m */ = {isa = PBXFileReference; fileEncoding = 4; lastKnownFileType = sourcecode.c.objc; path = "UIView+Glow.m"; sourceTree = "<group>"; };
		2228A2001AD4AE83002CED57 /* SackersGothicLightAT.otf */ = {isa = PBXFileReference; lastKnownFileType = file; name = SackersGothicLightAT.otf; path = ../../../../Downloads/SackersGothicLightAT.otf; sourceTree = "<group>"; };
		2228A2041AD5752F002CED57 /* MBProgressHUD.h */ = {isa = PBXFileReference; fileEncoding = 4; lastKnownFileType = sourcecode.c.h; name = MBProgressHUD.h; path = ../../../MBProgressHUD/MBProgressHUD.h; sourceTree = "<group>"; };
		2228A2051AD5752F002CED57 /* MBProgressHUD.m */ = {isa = PBXFileReference; fileEncoding = 4; lastKnownFileType = sourcecode.c.objc; name = MBProgressHUD.m; path = ../../../MBProgressHUD/MBProgressHUD.m; sourceTree = "<group>"; };
		2228A2081AD72E43002CED57 /* UberLoginViewController.h */ = {isa = PBXFileReference; fileEncoding = 4; lastKnownFileType = sourcecode.c.h; path = UberLoginViewController.h; sourceTree = "<group>"; };
		2228A2091AD72E43002CED57 /* UberLoginViewController.m */ = {isa = PBXFileReference; fileEncoding = 4; lastKnownFileType = sourcecode.c.objc; path = UberLoginViewController.m; sourceTree = "<group>"; };
		2228A20C1AD73B88002CED57 /* JSON.h */ = {isa = PBXFileReference; fileEncoding = 4; lastKnownFileType = sourcecode.c.h; path = JSON.h; sourceTree = "<group>"; };
		2228A20D1AD73B88002CED57 /* NSObject+SBJSON.h */ = {isa = PBXFileReference; fileEncoding = 4; lastKnownFileType = sourcecode.c.h; path = "NSObject+SBJSON.h"; sourceTree = "<group>"; };
		2228A20E1AD73B88002CED57 /* NSObject+SBJSON.m */ = {isa = PBXFileReference; fileEncoding = 4; lastKnownFileType = sourcecode.c.objc; path = "NSObject+SBJSON.m"; sourceTree = "<group>"; };
		2228A20F1AD73B88002CED57 /* NSString+SBJSON.h */ = {isa = PBXFileReference; fileEncoding = 4; lastKnownFileType = sourcecode.c.h; path = "NSString+SBJSON.h"; sourceTree = "<group>"; };
		2228A2101AD73B88002CED57 /* NSString+SBJSON.m */ = {isa = PBXFileReference; fileEncoding = 4; lastKnownFileType = sourcecode.c.objc; path = "NSString+SBJSON.m"; sourceTree = "<group>"; };
		2228A2111AD73B88002CED57 /* SBJsonBase.h */ = {isa = PBXFileReference; fileEncoding = 4; lastKnownFileType = sourcecode.c.h; path = SBJsonBase.h; sourceTree = "<group>"; };
		2228A2121AD73B88002CED57 /* SBJsonBase.m */ = {isa = PBXFileReference; fileEncoding = 4; lastKnownFileType = sourcecode.c.objc; path = SBJsonBase.m; sourceTree = "<group>"; };
		2228A2131AD73B88002CED57 /* SBJsonParser.h */ = {isa = PBXFileReference; fileEncoding = 4; lastKnownFileType = sourcecode.c.h; path = SBJsonParser.h; sourceTree = "<group>"; };
		2228A2141AD73B88002CED57 /* SBJsonParser.m */ = {isa = PBXFileReference; fileEncoding = 4; lastKnownFileType = sourcecode.c.objc; path = SBJsonParser.m; sourceTree = "<group>"; };
		2228A2151AD73B88002CED57 /* SBJsonWriter.h */ = {isa = PBXFileReference; fileEncoding = 4; lastKnownFileType = sourcecode.c.h; path = SBJsonWriter.h; sourceTree = "<group>"; };
		2228A2161AD73B88002CED57 /* SBJsonWriter.m */ = {isa = PBXFileReference; fileEncoding = 4; lastKnownFileType = sourcecode.c.objc; path = SBJsonWriter.m; sourceTree = "<group>"; };
		223A18B11ABCC99F00D983D4 /* Hermes.app */ = {isa = PBXFileReference; explicitFileType = wrapper.application; includeInIndex = 0; path = Hermes.app; sourceTree = BUILT_PRODUCTS_DIR; };
		223A18B51ABCC99F00D983D4 /* Info.plist */ = {isa = PBXFileReference; lastKnownFileType = text.plist.xml; path = Info.plist; sourceTree = "<group>"; };
		223A18B61ABCC99F00D983D4 /* main.m */ = {isa = PBXFileReference; lastKnownFileType = sourcecode.c.objc; path = main.m; sourceTree = "<group>"; };
		223A18B81ABCC99F00D983D4 /* AppDelegate.h */ = {isa = PBXFileReference; lastKnownFileType = sourcecode.c.h; name = AppDelegate.h; path = ../AppDelegate.h; sourceTree = "<group>"; };
		223A18B91ABCC99F00D983D4 /* AppDelegate.m */ = {isa = PBXFileReference; lastKnownFileType = sourcecode.c.objc; name = AppDelegate.m; path = ../AppDelegate.m; sourceTree = "<group>"; };
		223A18BB1ABCC99F00D983D4 /* ViewController.h */ = {isa = PBXFileReference; lastKnownFileType = sourcecode.c.h; name = ViewController.h; path = ../ViewController.h; sourceTree = "<group>"; };
		223A18BC1ABCC99F00D983D4 /* ViewController.m */ = {isa = PBXFileReference; lastKnownFileType = sourcecode.c.objc; name = ViewController.m; path = ../ViewController.m; sourceTree = "<group>"; };
		223A18BF1ABCC99F00D983D4 /* Base */ = {isa = PBXFileReference; lastKnownFileType = file.storyboard; name = Base; path = Base.lproj/Main.storyboard; sourceTree = "<group>"; };
		223A18C11ABCC99F00D983D4 /* Images.xcassets */ = {isa = PBXFileReference; lastKnownFileType = folder.assetcatalog; path = Images.xcassets; sourceTree = "<group>"; };
		223A18C41ABCC99F00D983D4 /* Base */ = {isa = PBXFileReference; lastKnownFileType = file.xib; name = Base; path = Base.lproj/LaunchScreen.xib; sourceTree = "<group>"; };
		223A18CA1ABCC99F00D983D4 /* HermesTests.xctest */ = {isa = PBXFileReference; explicitFileType = wrapper.cfbundle; includeInIndex = 0; path = HermesTests.xctest; sourceTree = BUILT_PRODUCTS_DIR; };
		223A18CF1ABCC99F00D983D4 /* Info.plist */ = {isa = PBXFileReference; lastKnownFileType = text.plist.xml; path = Info.plist; sourceTree = "<group>"; };
		223A18D01ABCC99F00D983D4 /* HermesTests.m */ = {isa = PBXFileReference; lastKnownFileType = sourcecode.c.objc; path = HermesTests.m; sourceTree = "<group>"; };
		223A18DA1ABCC9CA00D983D4 /* keys.h */ = {isa = PBXFileReference; lastKnownFileType = sourcecode.c.h; name = keys.h; path = ../../keys.h; sourceTree = "<group>"; };
		2290B04E1ABE470C008317C3 /* profileViewController.h */ = {isa = PBXFileReference; fileEncoding = 4; lastKnownFileType = sourcecode.c.h; path = profileViewController.h; sourceTree = "<group>"; };
		2290B04F1ABE470C008317C3 /* profileViewController.m */ = {isa = PBXFileReference; fileEncoding = 4; lastKnownFileType = sourcecode.c.objc; path = profileViewController.m; sourceTree = "<group>"; };
		2290B07E1ABF675A008317C3 /* UIGridView.h */ = {isa = PBXFileReference; fileEncoding = 4; lastKnownFileType = sourcecode.c.h; path = UIGridView.h; sourceTree = "<group>"; };
		2290B07F1ABF675A008317C3 /* UIGridView.m */ = {isa = PBXFileReference; fileEncoding = 4; lastKnownFileType = sourcecode.c.objc; path = UIGridView.m; sourceTree = "<group>"; };
		2290B0801ABF675A008317C3 /* UIGridViewCell.h */ = {isa = PBXFileReference; fileEncoding = 4; lastKnownFileType = sourcecode.c.h; path = UIGridViewCell.h; sourceTree = "<group>"; };
		2290B0811ABF675A008317C3 /* UIGridViewCell.m */ = {isa = PBXFileReference; fileEncoding = 4; lastKnownFileType = sourcecode.c.objc; path = UIGridViewCell.m; sourceTree = "<group>"; };
		2290B0821ABF675A008317C3 /* UIGridViewDelegate.h */ = {isa = PBXFileReference; fileEncoding = 4; lastKnownFileType = sourcecode.c.h; path = UIGridViewDelegate.h; sourceTree = "<group>"; };
		2290B0831ABF675A008317C3 /* UIGridViewRow.h */ = {isa = PBXFileReference; fileEncoding = 4; lastKnownFileType = sourcecode.c.h; path = UIGridViewRow.h; sourceTree = "<group>"; };
		2290B0841ABF675A008317C3 /* UIGridViewRow.m */ = {isa = PBXFileReference; fileEncoding = 4; lastKnownFileType = sourcecode.c.objc; path = UIGridViewRow.m; sourceTree = "<group>"; };
		2290B09C1ABF9714008317C3 /* CollectionViewCell.h */ = {isa = PBXFileReference; fileEncoding = 4; lastKnownFileType = sourcecode.c.h; name = CollectionViewCell.h; path = ../CollectionViewCell.h; sourceTree = "<group>"; };
		2290B09D1ABF9714008317C3 /* CollectionViewCell.m */ = {isa = PBXFileReference; fileEncoding = 4; lastKnownFileType = sourcecode.c.objc; name = CollectionViewCell.m; path = ../CollectionViewCell.m; sourceTree = "<group>"; };
		2290B0A21AC45649008317C3 /* searchViewController.h */ = {isa = PBXFileReference; fileEncoding = 4; lastKnownFileType = sourcecode.c.h; path = searchViewController.h; sourceTree = "<group>"; };
		2290B0A31AC45649008317C3 /* searchViewController.m */ = {isa = PBXFileReference; fileEncoding = 4; lastKnownFileType = sourcecode.c.objc; path = searchViewController.m; sourceTree = "<group>"; };
		2290B0A51AC45F16008317C3 /* friendCell.h */ = {isa = PBXFileReference; fileEncoding = 4; lastKnownFileType = sourcecode.c.h; path = friendCell.h; sourceTree = "<group>"; };
		2290B0A61AC45F16008317C3 /* friendCell.m */ = {isa = PBXFileReference; fileEncoding = 4; lastKnownFileType = sourcecode.c.objc; path = friendCell.m; sourceTree = "<group>"; };
		2290B0AB1AC4CD38008317C3 /* NSQueue.h */ = {isa = PBXFileReference; fileEncoding = 4; lastKnownFileType = sourcecode.c.h; name = NSQueue.h; path = ../NSQueue.h; sourceTree = "<group>"; };
		2290B0AC1AC4CD38008317C3 /* NSQueue.m */ = {isa = PBXFileReference; fileEncoding = 4; lastKnownFileType = sourcecode.c.objc; name = NSQueue.m; path = ../NSQueue.m; sourceTree = "<group>"; };
		229F59D51AC85EE600D557D2 /* friendCollectionView.h */ = {isa = PBXFileReference; fileEncoding = 4; lastKnownFileType = sourcecode.c.h; name = friendCollectionView.h; path = ../friendCollectionView.h; sourceTree = "<group>"; };
		229F59D61AC85EE600D557D2 /* friendCollectionView.m */ = {isa = PBXFileReference; fileEncoding = 4; lastKnownFileType = sourcecode.c.objc; name = friendCollectionView.m; path = ../friendCollectionView.m; sourceTree = "<group>"; };
		229F59D91AC8D13A00D557D2 /* NSStack.h */ = {isa = PBXFileReference; fileEncoding = 4; lastKnownFileType = sourcecode.c.h; path = NSStack.h; sourceTree = "<group>"; };
		229F59DA1AC8D13A00D557D2 /* NSStack.m */ = {isa = PBXFileReference; fileEncoding = 4; lastKnownFileType = sourcecode.c.objc; path = NSStack.m; sourceTree = "<group>"; };
		229F5A211ACB66C200D557D2 /* userPostView.h */ = {isa = PBXFileReference; fileEncoding = 4; lastKnownFileType = sourcecode.c.h; path = userPostView.h; sourceTree = "<group>"; };
		229F5A221ACB66C200D557D2 /* userPostView.m */ = {isa = PBXFileReference; fileEncoding = 4; lastKnownFileType = sourcecode.c.objc; path = userPostView.m; sourceTree = "<group>"; };
		229F5A241ACB70F400D557D2 /* userInteractionView.h */ = {isa = PBXFileReference; fileEncoding = 4; lastKnownFileType = sourcecode.c.h; path = userInteractionView.h; sourceTree = "<group>"; };
		229F5A251ACB70F400D557D2 /* userInteractionView.m */ = {isa = PBXFileReference; fileEncoding = 4; lastKnownFileType = sourcecode.c.objc; path = userInteractionView.m; sourceTree = "<group>"; };
		22BCD8011ACB982600864FA2 /* mediaButton.h */ = {isa = PBXFileReference; fileEncoding = 4; lastKnownFileType = sourcecode.c.h; path = mediaButton.h; sourceTree = "<group>"; };
		22BCD8021ACB982600864FA2 /* mediaButton.m */ = {isa = PBXFileReference; fileEncoding = 4; lastKnownFileType = sourcecode.c.objc; path = mediaButton.m; sourceTree = "<group>"; };
		22BCD8041ACC69A200864FA2 /* annotationsLinkedList.h */ = {isa = PBXFileReference; fileEncoding = 4; lastKnownFileType = sourcecode.c.h; path = annotationsLinkedList.h; sourceTree = "<group>"; };
		22BCD8051ACC69A200864FA2 /* annotationsLinkedList.m */ = {isa = PBXFileReference; fileEncoding = 4; lastKnownFileType = sourcecode.c.objc; path = annotationsLinkedList.m; sourceTree = "<group>"; };
		22BCD8071ACDFAE600864FA2 /* projectColor.h */ = {isa = PBXFileReference; fileEncoding = 4; lastKnownFileType = sourcecode.c.h; name = projectColor.h; path = ../userInteractionClasses/projectColor.h; sourceTree = "<group>"; };
		22BCD8081ACDFAE700864FA2 /* projectColor.m */ = {isa = PBXFileReference; fileEncoding = 4; lastKnownFileType = sourcecode.c.objc; name = projectColor.m; path = ../userInteractionClasses/projectColor.m; sourceTree = "<group>"; };
		22BCD80A1ACE2DC600864FA2 /* registrationView.h */ = {isa = PBXFileReference; fileEncoding = 4; lastKnownFileType = sourcecode.c.h; name = registrationView.h; path = Hermes/registrationView.h; sourceTree = SOURCE_ROOT; };
		22BCD80B1ACE2DC600864FA2 /* registrationView.m */ = {isa = PBXFileReference; fileEncoding = 4; lastKnownFileType = sourcecode.c.objc; name = registrationView.m; path = Hermes/registrationView.m; sourceTree = SOURCE_ROOT; };
		22BD244F1ABDC7C500049159 /* AVCamViewController.h */ = {isa = PBXFileReference; fileEncoding = 4; lastKnownFileType = sourcecode.c.h; name = AVCamViewController.h; path = ../AVCamViewController.h; sourceTree = "<group>"; };
		22BD24501ABDC7C500049159 /* AVCamViewController.m */ = {isa = PBXFileReference; fileEncoding = 4; lastKnownFileType = sourcecode.c.objc; name = AVCamViewController.m; path = ../AVCamViewController.m; sourceTree = "<group>"; };
		22BD24511ABDC7C500049159 /* AVCamPreviewView.h */ = {isa = PBXFileReference; fileEncoding = 4; lastKnownFileType = sourcecode.c.h; name = AVCamPreviewView.h; path = ../AVCamPreviewView.h; sourceTree = "<group>"; };
		22BD24521ABDC7C500049159 /* AVCamPreviewView.m */ = {isa = PBXFileReference; fileEncoding = 4; lastKnownFileType = sourcecode.c.objc; name = AVCamPreviewView.m; path = ../AVCamPreviewView.m; sourceTree = "<group>"; };
		22BD24551ABE069600049159 /* MapKit.framework */ = {isa = PBXFileReference; lastKnownFileType = wrapper.framework; name = MapKit.framework; path = System/Library/Frameworks/MapKit.framework; sourceTree = SDKROOT; };
		22F427D61ADC0AAD00E25361 /* UIImage+StackBlur.h */ = {isa = PBXFileReference; fileEncoding = 4; lastKnownFileType = sourcecode.c.h; name = "UIImage+StackBlur.h"; path = "../../../../../Downloads/StackBluriOS-master/Classes/UIImage+StackBlur.h"; sourceTree = "<group>"; };
		22F427D71ADC0AAD00E25361 /* UIImage+StackBlur.m */ = {isa = PBXFileReference; fileEncoding = 4; lastKnownFileType = sourcecode.c.objc; name = "UIImage+StackBlur.m"; path = "../../../../../Downloads/StackBluriOS-master/Classes/UIImage+StackBlur.m"; sourceTree = "<group>"; };
		2985C95F7673E7D011223044 /* Pods.debug.xcconfig */ = {isa = PBXFileReference; includeInIndex = 1; lastKnownFileType = text.xcconfig; name = Pods.debug.xcconfig; path = "Pods/Target Support Files/Pods/Pods.debug.xcconfig"; sourceTree = "<group>"; };
		63A567DCAE9F9D7F2F7352D0 /* Pods.release.xcconfig */ = {isa = PBXFileReference; includeInIndex = 1; lastKnownFileType = text.xcconfig; name = Pods.release.xcconfig; path = "Pods/Target Support Files/Pods/Pods.release.xcconfig"; sourceTree = "<group>"; };
		93053BC435A6913E07F4CE87 /* libPods.a */ = {isa = PBXFileReference; explicitFileType = archive.ar; includeInIndex = 0; path = libPods.a; sourceTree = BUILT_PRODUCTS_DIR; };
/* End PBXFileReference section */

/* Begin PBXFrameworksBuildPhase section */
		223A18AE1ABCC99F00D983D4 /* Frameworks */ = {
			isa = PBXFrameworksBuildPhase;
			buildActionMask = 2147483647;
			files = (
				22BD24561ABE069600049159 /* MapKit.framework in Frameworks */,
				9F1E3D8252728C33959DE1C5 /* libPods.a in Frameworks */,
			);
			runOnlyForDeploymentPostprocessing = 0;
		};
		223A18C71ABCC99F00D983D4 /* Frameworks */ = {
			isa = PBXFrameworksBuildPhase;
			buildActionMask = 2147483647;
			files = (
			);
			runOnlyForDeploymentPostprocessing = 0;
		};
/* End PBXFrameworksBuildPhase section */

/* Begin PBXGroup section */
		11A3EC85F846F2A7CB3617D6 /* Frameworks */ = {
			isa = PBXGroup;
			children = (
				22BD24551ABE069600049159 /* MapKit.framework */,
				93053BC435A6913E07F4CE87 /* libPods.a */,
			);
			name = Frameworks;
			sourceTree = "<group>";
		};
		2228A1CA1AD38B2D002CED57 /* UIView-Glow-master */ = {
			isa = PBXGroup;
			children = (
				22217E191ADB8539001A4348 /* UIView+Glow.h */,
				22217E1A1ADB8539001A4348 /* UIView+Glow.m */,
			);
			name = "UIView-Glow-master";
			path = "../../../../Downloads/UIView-Glow-master";
			sourceTree = "<group>";
		};
		2228A20B1AD73B88002CED57 /* JSON */ = {
			isa = PBXGroup;
			children = (
				2228A20C1AD73B88002CED57 /* JSON.h */,
				2228A20D1AD73B88002CED57 /* NSObject+SBJSON.h */,
				2228A20E1AD73B88002CED57 /* NSObject+SBJSON.m */,
				2228A20F1AD73B88002CED57 /* NSString+SBJSON.h */,
				2228A2101AD73B88002CED57 /* NSString+SBJSON.m */,
				2228A2111AD73B88002CED57 /* SBJsonBase.h */,
				2228A2121AD73B88002CED57 /* SBJsonBase.m */,
				2228A2131AD73B88002CED57 /* SBJsonParser.h */,
				2228A2141AD73B88002CED57 /* SBJsonParser.m */,
				2228A2151AD73B88002CED57 /* SBJsonWriter.h */,
				2228A2161AD73B88002CED57 /* SBJsonWriter.m */,
			);
			name = JSON;
			path = "../../../../../Downloads/JSON-master/JSON";
			sourceTree = "<group>";
		};
		223A18A81ABCC99F00D983D4 = {
			isa = PBXGroup;
			children = (
				223A18B31ABCC99F00D983D4 /* Hermes */,
				223A18CD1ABCC99F00D983D4 /* HermesTests */,
				223A18B21ABCC99F00D983D4 /* Products */,
				23EC67782163E1F6826AC6F6 /* Pods */,
				11A3EC85F846F2A7CB3617D6 /* Frameworks */,
			);
			sourceTree = "<group>";
		};
		223A18B21ABCC99F00D983D4 /* Products */ = {
			isa = PBXGroup;
			children = (
				223A18B11ABCC99F00D983D4 /* Hermes.app */,
				223A18CA1ABCC99F00D983D4 /* HermesTests.xctest */,
			);
			name = Products;
			sourceTree = "<group>";
		};
		223A18B31ABCC99F00D983D4 /* Hermes */ = {
			isa = PBXGroup;
			children = (
				2228A1CA1AD38B2D002CED57 /* UIView-Glow-master */,
				22BCD80E1ACE2F3600864FA2 /* camera */,
				2290B07D1ABF675A008317C3 /* UIGridView */,
				22BCD80D1ACE2E7700864FA2 /* registration */,
				229F59D81AC86EB800D557D2 /* userInteractionClasses */,
				223A18BE1ABCC99F00D983D4 /* Main.storyboard */,
				2290B0A51AC45F16008317C3 /* friendCell.h */,
				2290B0A61AC45F16008317C3 /* friendCell.m */,
				2290B0A21AC45649008317C3 /* searchViewController.h */,
				2290B0A31AC45649008317C3 /* searchViewController.m */,
				2290B04E1ABE470C008317C3 /* profileViewController.h */,
				2290B04F1ABE470C008317C3 /* profileViewController.m */,
				22BCD80F1ACF6CC400864FA2 /* projectFiles */,
				223A18C11ABCC99F00D983D4 /* Images.xcassets */,
				223A18C31ABCC99F00D983D4 /* LaunchScreen.xib */,
				223A18B41ABCC99F00D983D4 /* Supporting Files */,
			);
			path = Hermes;
			sourceTree = "<group>";
		};
		223A18B41ABCC99F00D983D4 /* Supporting Files */ = {
			isa = PBXGroup;
			children = (
				223A18B51ABCC99F00D983D4 /* Info.plist */,
				223A18B61ABCC99F00D983D4 /* main.m */,
				2228A2001AD4AE83002CED57 /* SackersGothicLightAT.otf */,
			);
			name = "Supporting Files";
			sourceTree = "<group>";
		};
		223A18CD1ABCC99F00D983D4 /* HermesTests */ = {
			isa = PBXGroup;
			children = (
				223A18D01ABCC99F00D983D4 /* HermesTests.m */,
				223A18CE1ABCC99F00D983D4 /* Supporting Files */,
			);
			path = HermesTests;
			sourceTree = "<group>";
		};
		223A18CE1ABCC99F00D983D4 /* Supporting Files */ = {
			isa = PBXGroup;
			children = (
				223A18CF1ABCC99F00D983D4 /* Info.plist */,
			);
			name = "Supporting Files";
			sourceTree = "<group>";
		};
		2290B07D1ABF675A008317C3 /* UIGridView */ = {
			isa = PBXGroup;
			children = (
				2228A20B1AD73B88002CED57 /* JSON */,
				2290B07E1ABF675A008317C3 /* UIGridView.h */,
				2290B07F1ABF675A008317C3 /* UIGridView.m */,
				2290B0801ABF675A008317C3 /* UIGridViewCell.h */,
				2290B0811ABF675A008317C3 /* UIGridViewCell.m */,
				2290B0821ABF675A008317C3 /* UIGridViewDelegate.h */,
				2290B0831ABF675A008317C3 /* UIGridViewRow.h */,
				2290B0841ABF675A008317C3 /* UIGridViewRow.m */,
			);
			name = UIGridView;
			path = "../../UIGridView-master/Classes/UIGridView";
			sourceTree = "<group>";
		};
		229F59D81AC86EB800D557D2 /* userInteractionClasses */ = {
			isa = PBXGroup;
			children = (
				229F5A241ACB70F400D557D2 /* userInteractionView.h */,
				229F5A251ACB70F400D557D2 /* userInteractionView.m */,
				229F59D51AC85EE600D557D2 /* friendCollectionView.h */,
				229F59D61AC85EE600D557D2 /* friendCollectionView.m */,
				2290B09C1ABF9714008317C3 /* CollectionViewCell.h */,
				2290B09D1ABF9714008317C3 /* CollectionViewCell.m */,
				2290B0AB1AC4CD38008317C3 /* NSQueue.h */,
				2290B0AC1AC4CD38008317C3 /* NSQueue.m */,
				229F59D91AC8D13A00D557D2 /* NSStack.h */,
				229F59DA1AC8D13A00D557D2 /* NSStack.m */,
				229F5A211ACB66C200D557D2 /* userPostView.h */,
				229F5A221ACB66C200D557D2 /* userPostView.m */,
				22BCD8011ACB982600864FA2 /* mediaButton.h */,
				22BCD8021ACB982600864FA2 /* mediaButton.m */,
				22BCD8041ACC69A200864FA2 /* annotationsLinkedList.h */,
				22BCD8051ACC69A200864FA2 /* annotationsLinkedList.m */,
			);
			path = userInteractionClasses;
			sourceTree = "<group>";
		};
		22BCD80D1ACE2E7700864FA2 /* registration */ = {
			isa = PBXGroup;
			children = (
				223A18BB1ABCC99F00D983D4 /* ViewController.h */,
				223A18BC1ABCC99F00D983D4 /* ViewController.m */,
				22BCD80A1ACE2DC600864FA2 /* registrationView.h */,
				22BCD80B1ACE2DC600864FA2 /* registrationView.m */,
				2228A2081AD72E43002CED57 /* UberLoginViewController.h */,
				2228A2091AD72E43002CED57 /* UberLoginViewController.m */,
			);
			path = registration;
			sourceTree = "<group>";
		};
		22BCD80E1ACE2F3600864FA2 /* camera */ = {
			isa = PBXGroup;
			children = (
				22BD244F1ABDC7C500049159 /* AVCamViewController.h */,
				22BD24501ABDC7C500049159 /* AVCamViewController.m */,
				22BD24511ABDC7C500049159 /* AVCamPreviewView.h */,
				22BD24521ABDC7C500049159 /* AVCamPreviewView.m */,
			);
			path = camera;
			sourceTree = "<group>";
		};
		22BCD80F1ACF6CC400864FA2 /* projectFiles */ = {
			isa = PBXGroup;
			children = (
				2228A2041AD5752F002CED57 /* MBProgressHUD.h */,
				2228A2051AD5752F002CED57 /* MBProgressHUD.m */,
				22F427D61ADC0AAD00E25361 /* UIImage+StackBlur.h */,
				22F427D71ADC0AAD00E25361 /* UIImage+StackBlur.m */,
				223A18DA1ABCC9CA00D983D4 /* keys.h */,
				223A18B81ABCC99F00D983D4 /* AppDelegate.h */,
				223A18B91ABCC99F00D983D4 /* AppDelegate.m */,
				22BCD8071ACDFAE600864FA2 /* projectColor.h */,
				22BCD8081ACDFAE700864FA2 /* projectColor.m */,
			);
			path = projectFiles;
			sourceTree = "<group>";
		};
		23EC67782163E1F6826AC6F6 /* Pods */ = {
			isa = PBXGroup;
			children = (
				2985C95F7673E7D011223044 /* Pods.debug.xcconfig */,
				63A567DCAE9F9D7F2F7352D0 /* Pods.release.xcconfig */,
			);
			name = Pods;
			sourceTree = "<group>";
		};
/* End PBXGroup section */

/* Begin PBXNativeTarget section */
		223A18B01ABCC99F00D983D4 /* Hermes */ = {
			isa = PBXNativeTarget;
			buildConfigurationList = 223A18D41ABCC99F00D983D4 /* Build configuration list for PBXNativeTarget "Hermes" */;
			buildPhases = (
				709217C839D4DDB4C304F3E8 /* Check Pods Manifest.lock */,
				223A18AD1ABCC99F00D983D4 /* Sources */,
				223A18AE1ABCC99F00D983D4 /* Frameworks */,
				223A18AF1ABCC99F00D983D4 /* Resources */,
				C185066DCC8D5AD10EB8221A /* Copy Pods Resources */,
			);
			buildRules = (
			);
			dependencies = (
			);
			name = Hermes;
			productName = Hermes;
			productReference = 223A18B11ABCC99F00D983D4 /* Hermes.app */;
			productType = "com.apple.product-type.application";
		};
		223A18C91ABCC99F00D983D4 /* HermesTests */ = {
			isa = PBXNativeTarget;
			buildConfigurationList = 223A18D71ABCC99F00D983D4 /* Build configuration list for PBXNativeTarget "HermesTests" */;
			buildPhases = (
				223A18C61ABCC99F00D983D4 /* Sources */,
				223A18C71ABCC99F00D983D4 /* Frameworks */,
				223A18C81ABCC99F00D983D4 /* Resources */,
			);
			buildRules = (
			);
			dependencies = (
				223A18CC1ABCC99F00D983D4 /* PBXTargetDependency */,
			);
			name = HermesTests;
			productName = HermesTests;
			productReference = 223A18CA1ABCC99F00D983D4 /* HermesTests.xctest */;
			productType = "com.apple.product-type.bundle.unit-test";
		};
/* End PBXNativeTarget section */

/* Begin PBXProject section */
		223A18A91ABCC99F00D983D4 /* Project object */ = {
			isa = PBXProject;
			attributes = {
				LastUpgradeCheck = 0610;
				ORGANIZATIONNAME = "Raylen Margono";
				TargetAttributes = {
					223A18B01ABCC99F00D983D4 = {
						CreatedOnToolsVersion = 6.1.1;
						DevelopmentTeam = 9M238DU2FS;
					};
					223A18C91ABCC99F00D983D4 = {
						CreatedOnToolsVersion = 6.1.1;
						DevelopmentTeam = 9M238DU2FS;
						TestTargetID = 223A18B01ABCC99F00D983D4;
					};
				};
			};
			buildConfigurationList = 223A18AC1ABCC99F00D983D4 /* Build configuration list for PBXProject "Hermes" */;
			compatibilityVersion = "Xcode 3.2";
			developmentRegion = English;
			hasScannedForEncodings = 0;
			knownRegions = (
				en,
				Base,
				he,
			);
			mainGroup = 223A18A81ABCC99F00D983D4;
			productRefGroup = 223A18B21ABCC99F00D983D4 /* Products */;
			projectDirPath = "";
			projectRoot = "";
			targets = (
				223A18B01ABCC99F00D983D4 /* Hermes */,
				223A18C91ABCC99F00D983D4 /* HermesTests */,
			);
		};
/* End PBXProject section */

/* Begin PBXResourcesBuildPhase section */
		223A18AF1ABCC99F00D983D4 /* Resources */ = {
			isa = PBXResourcesBuildPhase;
			buildActionMask = 2147483647;
			files = (
				2228A2011AD4AFE1002CED57 /* SackersGothicLightAT.otf in Resources */,
				223A18C01ABCC99F00D983D4 /* Main.storyboard in Resources */,
				223A18C51ABCC99F00D983D4 /* LaunchScreen.xib in Resources */,
				223A18C21ABCC99F00D983D4 /* Images.xcassets in Resources */,
			);
			runOnlyForDeploymentPostprocessing = 0;
		};
		223A18C81ABCC99F00D983D4 /* Resources */ = {
			isa = PBXResourcesBuildPhase;
			buildActionMask = 2147483647;
			files = (
			);
			runOnlyForDeploymentPostprocessing = 0;
		};
/* End PBXResourcesBuildPhase section */

/* Begin PBXShellScriptBuildPhase section */
		709217C839D4DDB4C304F3E8 /* Check Pods Manifest.lock */ = {
			isa = PBXShellScriptBuildPhase;
			buildActionMask = 2147483647;
			files = (
			);
			inputPaths = (
			);
			name = "Check Pods Manifest.lock";
			outputPaths = (
			);
			runOnlyForDeploymentPostprocessing = 0;
			shellPath = /bin/sh;
			shellScript = "diff \"${PODS_ROOT}/../Podfile.lock\" \"${PODS_ROOT}/Manifest.lock\" > /dev/null\nif [[ $? != 0 ]] ; then\n    cat << EOM\nerror: The sandbox is not in sync with the Podfile.lock. Run 'pod install' or update your CocoaPods installation.\nEOM\n    exit 1\nfi\n";
			showEnvVarsInLog = 0;
		};
		C185066DCC8D5AD10EB8221A /* Copy Pods Resources */ = {
			isa = PBXShellScriptBuildPhase;
			buildActionMask = 2147483647;
			files = (
			);
			inputPaths = (
			);
			name = "Copy Pods Resources";
			outputPaths = (
			);
			runOnlyForDeploymentPostprocessing = 0;
			shellPath = /bin/sh;
			shellScript = "\"${SRCROOT}/Pods/Target Support Files/Pods/Pods-resources.sh\"\n";
			showEnvVarsInLog = 0;
		};
/* End PBXShellScriptBuildPhase section */

/* Begin PBXSourcesBuildPhase section */
		223A18AD1ABCC99F00D983D4 /* Sources */ = {
			isa = PBXSourcesBuildPhase;
			buildActionMask = 2147483647;
			files = (
				229F59D71AC85EE600D557D2 /* friendCollectionView.m in Sources */,
				22BD24531ABDC7C500049159 /* AVCamViewController.m in Sources */,
				223A18BD1ABCC99F00D983D4 /* ViewController.m in Sources */,
				2228A21A1AD73B88002CED57 /* SBJsonParser.m in Sources */,
				2290B0AD1AC4CD38008317C3 /* NSQueue.m in Sources */,
				22217E1B1ADB8539001A4348 /* UIView+Glow.m in Sources */,
				2228A20A1AD72E43002CED57 /* UberLoginViewController.m in Sources */,
				2290B0501ABE470C008317C3 /* profileViewController.m in Sources */,
				22F427D81ADC0AAD00E25361 /* UIImage+StackBlur.m in Sources */,
				2290B0A41AC45649008317C3 /* searchViewController.m in Sources */,
				2290B0871ABF675A008317C3 /* UIGridViewRow.m in Sources */,
				22BCD8091ACDFAE700864FA2 /* projectColor.m in Sources */,
				22BD24541ABDC7C500049159 /* AVCamPreviewView.m in Sources */,
				22BCD80C1ACE2DC600864FA2 /* registrationView.m in Sources */,
				2290B0851ABF675A008317C3 /* UIGridView.m in Sources */,
				229F59DB1AC8D13A00D557D2 /* NSStack.m in Sources */,
				22BCD8061ACC69A200864FA2 /* annotationsLinkedList.m in Sources */,
				2290B09E1ABF9714008317C3 /* CollectionViewCell.m in Sources */,
				223A18BA1ABCC99F00D983D4 /* AppDelegate.m in Sources */,
				2290B0861ABF675A008317C3 /* UIGridViewCell.m in Sources */,
				229F5A231ACB66C200D557D2 /* userPostView.m in Sources */,
				2228A2061AD5752F002CED57 /* MBProgressHUD.m in Sources */,
				223A18B71ABCC99F00D983D4 /* main.m in Sources */,
				2290B0A71AC45F16008317C3 /* friendCell.m in Sources */,
				2228A2191AD73B88002CED57 /* SBJsonBase.m in Sources */,
				2228A2171AD73B88002CED57 /* NSObject+SBJSON.m in Sources */,
				22BCD8031ACB982600864FA2 /* mediaButton.m in Sources */,
				2228A21B1AD73B88002CED57 /* SBJsonWriter.m in Sources */,
				2228A2181AD73B88002CED57 /* NSString+SBJSON.m in Sources */,
				229F5A261ACB70F400D557D2 /* userInteractionView.m in Sources */,
			);
			runOnlyForDeploymentPostprocessing = 0;
		};
		223A18C61ABCC99F00D983D4 /* Sources */ = {
			isa = PBXSourcesBuildPhase;
			buildActionMask = 2147483647;
			files = (
				223A18D11ABCC99F00D983D4 /* HermesTests.m in Sources */,
			);
			runOnlyForDeploymentPostprocessing = 0;
		};
/* End PBXSourcesBuildPhase section */

/* Begin PBXTargetDependency section */
		223A18CC1ABCC99F00D983D4 /* PBXTargetDependency */ = {
			isa = PBXTargetDependency;
			target = 223A18B01ABCC99F00D983D4 /* Hermes */;
			targetProxy = 223A18CB1ABCC99F00D983D4 /* PBXContainerItemProxy */;
		};
/* End PBXTargetDependency section */

/* Begin PBXVariantGroup section */
		223A18BE1ABCC99F00D983D4 /* Main.storyboard */ = {
			isa = PBXVariantGroup;
			children = (
				223A18BF1ABCC99F00D983D4 /* Base */,
			);
			name = Main.storyboard;
			sourceTree = "<group>";
		};
		223A18C31ABCC99F00D983D4 /* LaunchScreen.xib */ = {
			isa = PBXVariantGroup;
			children = (
				223A18C41ABCC99F00D983D4 /* Base */,
			);
			name = LaunchScreen.xib;
			sourceTree = "<group>";
		};
/* End PBXVariantGroup section */

/* Begin XCBuildConfiguration section */
		223A18D21ABCC99F00D983D4 /* Debug */ = {
			isa = XCBuildConfiguration;
			buildSettings = {
				ALWAYS_SEARCH_USER_PATHS = NO;
				CLANG_CXX_LANGUAGE_STANDARD = "gnu++0x";
				CLANG_CXX_LIBRARY = "libc++";
				CLANG_ENABLE_MODULES = YES;
				CLANG_ENABLE_OBJC_ARC = YES;
				CLANG_WARN_BOOL_CONVERSION = YES;
				CLANG_WARN_CONSTANT_CONVERSION = YES;
				CLANG_WARN_DIRECT_OBJC_ISA_USAGE = YES_ERROR;
				CLANG_WARN_EMPTY_BODY = YES;
				CLANG_WARN_ENUM_CONVERSION = YES;
				CLANG_WARN_INT_CONVERSION = YES;
				CLANG_WARN_OBJC_ROOT_CLASS = YES_ERROR;
				CLANG_WARN_UNREACHABLE_CODE = YES;
				CLANG_WARN__DUPLICATE_METHOD_MATCH = YES;
				CODE_SIGN_IDENTITY = "iPhone Distribution: Raylen Margono";
				"CODE_SIGN_IDENTITY[sdk=iphoneos*]" = "iPhone Distribution: Raylen Margono";
				COPY_PHASE_STRIP = NO;
				ENABLE_STRICT_OBJC_MSGSEND = YES;
				GCC_C_LANGUAGE_STANDARD = gnu99;
				GCC_DYNAMIC_NO_PIC = NO;
				GCC_OPTIMIZATION_LEVEL = 0;
				GCC_PREPROCESSOR_DEFINITIONS = (
					"DEBUG=1",
					"$(inherited)",
				);
				GCC_SYMBOLS_PRIVATE_EXTERN = NO;
				GCC_WARN_64_TO_32_BIT_CONVERSION = YES;
				GCC_WARN_ABOUT_RETURN_TYPE = YES_ERROR;
				GCC_WARN_UNDECLARED_SELECTOR = YES;
				GCC_WARN_UNINITIALIZED_AUTOS = YES_AGGRESSIVE;
				GCC_WARN_UNUSED_FUNCTION = YES;
				GCC_WARN_UNUSED_VARIABLE = YES;
				IPHONEOS_DEPLOYMENT_TARGET = 8.1;
				MTL_ENABLE_DEBUG_INFO = YES;
				ONLY_ACTIVE_ARCH = YES;
				PROVISIONING_PROFILE = "de64b7b1-2bdb-4694-8d48-85da4ddefef3";
				SDKROOT = iphoneos;
			};
			name = Debug;
		};
		223A18D31ABCC99F00D983D4 /* Release */ = {
			isa = XCBuildConfiguration;
			buildSettings = {
				ALWAYS_SEARCH_USER_PATHS = NO;
				CLANG_CXX_LANGUAGE_STANDARD = "gnu++0x";
				CLANG_CXX_LIBRARY = "libc++";
				CLANG_ENABLE_MODULES = YES;
				CLANG_ENABLE_OBJC_ARC = YES;
				CLANG_WARN_BOOL_CONVERSION = YES;
				CLANG_WARN_CONSTANT_CONVERSION = YES;
				CLANG_WARN_DIRECT_OBJC_ISA_USAGE = YES_ERROR;
				CLANG_WARN_EMPTY_BODY = YES;
				CLANG_WARN_ENUM_CONVERSION = YES;
				CLANG_WARN_INT_CONVERSION = YES;
				CLANG_WARN_OBJC_ROOT_CLASS = YES_ERROR;
				CLANG_WARN_UNREACHABLE_CODE = YES;
				CLANG_WARN__DUPLICATE_METHOD_MATCH = YES;
				CODE_SIGN_IDENTITY = "iPhone Distribution: Raylen Margono";
				"CODE_SIGN_IDENTITY[sdk=iphoneos*]" = "iPhone Distribution: Raylen Margono";
				COPY_PHASE_STRIP = YES;
				ENABLE_NS_ASSERTIONS = NO;
				ENABLE_STRICT_OBJC_MSGSEND = YES;
				GCC_C_LANGUAGE_STANDARD = gnu99;
				GCC_WARN_64_TO_32_BIT_CONVERSION = YES;
				GCC_WARN_ABOUT_RETURN_TYPE = YES_ERROR;
				GCC_WARN_UNDECLARED_SELECTOR = YES;
				GCC_WARN_UNINITIALIZED_AUTOS = YES_AGGRESSIVE;
				GCC_WARN_UNUSED_FUNCTION = YES;
				GCC_WARN_UNUSED_VARIABLE = YES;
				IPHONEOS_DEPLOYMENT_TARGET = 8.1;
				MTL_ENABLE_DEBUG_INFO = NO;
				PROVISIONING_PROFILE = "de64b7b1-2bdb-4694-8d48-85da4ddefef3";
				SDKROOT = iphoneos;
				VALIDATE_PRODUCT = YES;
			};
			name = Release;
		};
		223A18D51ABCC99F00D983D4 /* Debug */ = {
			isa = XCBuildConfiguration;
			baseConfigurationReference = 2985C95F7673E7D011223044 /* Pods.debug.xcconfig */;
			buildSettings = {
				ASSETCATALOG_COMPILER_APPICON_NAME = AppIcon;
				CODE_SIGN_IDENTITY = "iPhone Developer";
				"CODE_SIGN_IDENTITY[sdk=iphoneos*]" = "iPhone Developer: Raylen Margono (YPKZ4833K6)";
				FRAMEWORK_SEARCH_PATHS = (
					"$(inherited)",
					"$(PROJECT_DIR)/Hermes/parse-library-1.6.3",
					/Users/raylenmargono/Documents/Xcode/FacebookSDK,
					/Users/raylenmargono/Documents/Xcode/FacebookSDK/FBAudienceNetwork,
					"/Users/raylenmargono/Documents/Xcode/parse-library-1.7.1",
				);
				INFOPLIST_FILE = Hermes/Info.plist;
				LD_RUNPATH_SEARCH_PATHS = "$(inherited) @executable_path/Frameworks";
				PRODUCT_NAME = "$(TARGET_NAME)";
				PROVISIONING_PROFILE = "";
			};
			name = Debug;
		};
		223A18D61ABCC99F00D983D4 /* Release */ = {
			isa = XCBuildConfiguration;
			baseConfigurationReference = 63A567DCAE9F9D7F2F7352D0 /* Pods.release.xcconfig */;
			buildSettings = {
				ASSETCATALOG_COMPILER_APPICON_NAME = AppIcon;
				CODE_SIGN_IDENTITY = "iPhone Developer";
				"CODE_SIGN_IDENTITY[sdk=iphoneos*]" = "iPhone Developer: Raylen Margono (YPKZ4833K6)";
				FRAMEWORK_SEARCH_PATHS = (
					"$(inherited)",
					"$(PROJECT_DIR)/Hermes/parse-library-1.6.3",
					/Users/raylenmargono/Documents/Xcode/FacebookSDK,
					/Users/raylenmargono/Documents/Xcode/FacebookSDK/FBAudienceNetwork,
					"/Users/raylenmargono/Documents/Xcode/parse-library-1.7.1",
				);
				INFOPLIST_FILE = Hermes/Info.plist;
				LD_RUNPATH_SEARCH_PATHS = "$(inherited) @executable_path/Frameworks";
				PRODUCT_NAME = "$(TARGET_NAME)";
				PROVISIONING_PROFILE = "";
			};
			name = Release;
		};
		223A18D81ABCC99F00D983D4 /* Debug */ = {
			isa = XCBuildConfiguration;
			buildSettings = {
				BUNDLE_LOADER = "$(TEST_HOST)";
				CODE_SIGN_IDENTITY = "iPhone Developer";
				"CODE_SIGN_IDENTITY[sdk=iphoneos*]" = "iPhone Developer";
				FRAMEWORK_SEARCH_PATHS = (
					"$(SDKROOT)/Developer/Library/Frameworks",
					"$(inherited)",
				);
				GCC_PREPROCESSOR_DEFINITIONS = (
					"DEBUG=1",
					"$(inherited)",
				);
				INFOPLIST_FILE = HermesTests/Info.plist;
				LD_RUNPATH_SEARCH_PATHS = "$(inherited) @executable_path/Frameworks @loader_path/Frameworks";
				PRODUCT_NAME = "$(TARGET_NAME)";
				PROVISIONING_PROFILE = "";
				TEST_HOST = "$(BUILT_PRODUCTS_DIR)/Hermes.app/Hermes";
			};
			name = Debug;
		};
		223A18D91ABCC99F00D983D4 /* Release */ = {
			isa = XCBuildConfiguration;
			buildSettings = {
				BUNDLE_LOADER = "$(TEST_HOST)";
				CODE_SIGN_IDENTITY = "iPhone Developer";
				"CODE_SIGN_IDENTITY[sdk=iphoneos*]" = "iPhone Developer";
				FRAMEWORK_SEARCH_PATHS = (
					"$(SDKROOT)/Developer/Library/Frameworks",
					"$(inherited)",
				);
				INFOPLIST_FILE = HermesTests/Info.plist;
				LD_RUNPATH_SEARCH_PATHS = "$(inherited) @executable_path/Frameworks @loader_path/Frameworks";
				PRODUCT_NAME = "$(TARGET_NAME)";
				PROVISIONING_PROFILE = "";
				TEST_HOST = "$(BUILT_PRODUCTS_DIR)/Hermes.app/Hermes";
			};
			name = Release;
		};
/* End XCBuildConfiguration section */

/* Begin XCConfigurationList section */
		223A18AC1ABCC99F00D983D4 /* Build configuration list for PBXProject "Hermes" */ = {
			isa = XCConfigurationList;
			buildConfigurations = (
				223A18D21ABCC99F00D983D4 /* Debug */,
				223A18D31ABCC99F00D983D4 /* Release */,
			);
			defaultConfigurationIsVisible = 0;
			defaultConfigurationName = Release;
		};
		223A18D41ABCC99F00D983D4 /* Build configuration list for PBXNativeTarget "Hermes" */ = {
			isa = XCConfigurationList;
			buildConfigurations = (
				223A18D51ABCC99F00D983D4 /* Debug */,
				223A18D61ABCC99F00D983D4 /* Release */,
			);
			defaultConfigurationIsVisible = 0;
			defaultConfigurationName = Release;
		};
		223A18D71ABCC99F00D983D4 /* Build configuration list for PBXNativeTarget "HermesTests" */ = {
			isa = XCConfigurationList;
			buildConfigurations = (
				223A18D81ABCC99F00D983D4 /* Debug */,
				223A18D91ABCC99F00D983D4 /* Release */,
			);
			defaultConfigurationIsVisible = 0;
			defaultConfigurationName = Release;
		};
/* End XCConfigurationList section */
	};
	rootObject = 223A18A91ABCC99F00D983D4 /* Project object */;
}
